# This file is automatically @generated by Cargo.
# It is not intended for manual editing.
[[package]]
name = "proc-macro2"
version = "1.0.15"
source = "registry+https://github.com/rust-lang/crates.io-index"
dependencies = [
 "unicode-xid 0.2.0 (registry+https://github.com/rust-lang/crates.io-index)",
]

[[package]]
name = "quote"
version = "1.0.6"
source = "registry+https://github.com/rust-lang/crates.io-index"
dependencies = [
 "proc-macro2 1.0.15 (registry+https://github.com/rust-lang/crates.io-index)",
]

[[package]]
name = "rejects"
version = "0.1.0"
dependencies = [
 "proc-macro2 1.0.15 (registry+https://github.com/rust-lang/crates.io-index)",
 "quote 1.0.6 (registry+https://github.com/rust-lang/crates.io-index)",
]

[[package]]
name = "unicode-xid"
version = "0.2.0"
source = "registry+https://github.com/rust-lang/crates.io-index"

[metadata]
"checksum proc-macro2 1.0.15 (registry+https://github.com/rust-lang/crates.io-index)" = "70a50b9351bfa8d65a7d93ce712dc63d2fd15ddbf2c36990fc7cac344859c04f"
"checksum quote 1.0.6 (registry+https://github.com/rust-lang/crates.io-index)" = "54a21852a652ad6f610c9510194f398ff6f8692e334fd1145fed931f7fbe44ea"
"checksum unicode-xid 0.2.0 (registry+https://github.com/rust-lang/crates.io-index)" = "826e7639553986605ec5979c7dd957c7895e93eabed50ab2ffa7f6128a75097c"
